hash: d68877c4a92ec57c61f7a300fa5c2d2579cba6b0c2f2b824df2dffef08017573
updated: 2017-06-26T23:35:59.506181248+02:00
imports:
- name: github.com/op/go-logging
  version: 970db520ece77730c7e4724c61121037378659d9
- name: github.com/satori/go.uuid
  version: 5bf94b69c6b68ee1b541973bb8e1144db23a194b
- name: github.com/streadway/amqp
  version: 27859d32540aebd2e5befa52dc59ae8e6a0132b6
- name: github.com/zenazn/goji
  version: 4d7077956293261309684d3cf1af673f773c6819
  subpackages:
  - bind
  - graceful
  - graceful/listener
  - web
  - web/middleware
  - web/mutil
- name: github.com/zerosvc/go-zerosvc
  version: e15a2b227609a4a40d07e4048cab110375fb6786
testImports: []
